
Microsoft Visual Studio Solution File, Format Version 12.00
# Visual Studio Version 16
VisualStudioVersion = 16.0.30803.129
MinimumVisualStudioVersion = 10.0.40219.1
Project("{FAE04EC0-301F-11D3-BF4B-00C04F79EFBC}") = "Vidly", "Vidly\Vidly.csproj", "{8812C4D7-931F-4A29-912F-5FA7F13E2D49}"
EndProject
Global
	GlobalSection(SolutionConfigurationPlatforms) = preSolution
		Debug|Any CPU = Debug|Any CPU
		Release|Any CPU = Release|Any CPU
	EndGlobalSection
	GlobalSection(ProjectConfigurationPlatforms) = postSolution
		{8812C4D7-931F-4A29-912F-5FA7F13E2D49}.Debug|Any CPU.ActiveCfg = Debug|Any CPU
		{8812C4D7-931F-4A29-912F-5FA7F13E2D49}.Debug|Any CPU.Build.0 = Debug|Any CPU
		{8812C4D7-931F-4A29-912F-5FA7F13E2D49}.Release|Any CPU.ActiveCfg = Release|Any CPU
		{8812C4D7-931F-4A29-912F-5FA7F13E2D49}.Release|Any CPU.Build.0 = Release|Any CPU
	EndGlobalSection
	GlobalSection(SolutionProperties) = preSolution
		HideSolutionNode = FALSE
	EndGlobalSection
	GlobalSection(ExtensibilityGlobals) = postSolution
		SolutionGuid = {8E0CBA24-2FA7-4D15-9659-696B7EED6151}
	EndGlobalSection
EndGlobal
